<?xml version="1.0" encoding="utf-8"?>
<Project ToolsVersion="4.0" xmlns="http://schemas.microsoft.com/developer/msbuild/2003">
  <ItemGroup>
    <Filter Include="src">
      <UniqueIdentifier>{2DAB880B-99B4-887C-2230-9F7C8E38947C}</UniqueIdentifier>
    </Filter>
    <Filter Include="src\AssetManager">
      <UniqueIdentifier>{D7F065A7-C3E9-84F9-EC1B-6A7ED8736405}</UniqueIdentifier>
    </Filter>
    <Filter Include="src\Audio">
      <UniqueIdentifier>{EE2696B2-5A91-4A29-A3CF-FBCE0F79287E}</UniqueIdentifier>
    </Filter>
    <Filter Include="src\Core">
      <UniqueIdentifier>{A5D31CCF-91A0-77DA-BAB9-6582A6E5AC68}</UniqueIdentifier>
    </Filter>
    <Filter Include="src\Math">
      <UniqueIdentifier>{261422CF-12E1-7CDA-3BFA-6A822726B268}</UniqueIdentifier>
    </Filter>
    <Filter Include="src\Physics">
      <UniqueIdentifier>{9F8B9316-0B41-0C0C-9435-06E300EA0210}</UniqueIdentifier>
    </Filter>
    <Filter Include="src\Renderer">
      <UniqueIdentifier>{73D1DFBF-5F34-6F64-08BA-A71AF4FB3AE7}</UniqueIdentifier>
    </Filter>
    <Filter Include="src\Scene">
      <UniqueIdentifier>{0A06D2B3-7670-862A-BFAE-37D02B58647F}</UniqueIdentifier>
    </Filter>
    <Filter Include="src\Time">
      <UniqueIdentifier>{EB0B26CF-D7D8-80DA-00F2-6E82EC1DB668}</UniqueIdentifier>
    </Filter>
    <Filter Include="src\Window">
      <UniqueIdentifier>{74C3D837-607B-1A85-C982-F3E0B559B575}</UniqueIdentifier>
    </Filter>
    <Filter Include="vendor">
      <UniqueIdentifier>{B3738122-9F15-ACF8-88D0-BF4C74113349}</UniqueIdentifier>
    </Filter>
    <Filter Include="vendor\glad">
      <UniqueIdentifier>{9A8E79C1-0644-F2B6-8F38-EC8DFBECE8BA}</UniqueIdentifier>
    </Filter>
    <Filter Include="vendor\glad\src">
      <UniqueIdentifier>{B1098FEA-1D95-FCAE-26A6-7FA392B058AF}</UniqueIdentifier>
    </Filter>
    <Filter Include="vendor\glm">
      <UniqueIdentifier>{829FC5A8-6E57-07F6-D75E-E051C335A2E6}</UniqueIdentifier>
    </Filter>
    <Filter Include="vendor\glm\include">
      <UniqueIdentifier>{F528B309-E10C-745F-4A6D-6EB236705EE1}</UniqueIdentifier>
    </Filter>
    <Filter Include="vendor\glm\include\glm">
      <UniqueIdentifier>{C4257490-B01F-9DE2-998C-33F38525034F}</UniqueIdentifier>
    </Filter>
    <Filter Include="vendor\miniaudio">
      <UniqueIdentifier>{C1EF7D2A-ADE8-9C7C-D61A-8201C2727C88}</UniqueIdentifier>
    </Filter>
    <Filter Include="vendor\miniaudio\include">
      <UniqueIdentifier>{34485B51-206D-AAD1-49B8-8F61353CA9EF}</UniqueIdentifier>
    </Filter>
    <Filter Include="vendor\miniaudio\include\miniaudio">
      <UniqueIdentifier>{82196876-6E55-6BE0-D767-83D7C3C213FB}</UniqueIdentifier>
    </Filter>
  </ItemGroup>
  <ItemGroup>
    <ClInclude Include="src\AssetManager\AssetManager.h">
      <Filter>src\AssetManager</Filter>
    </ClInclude>
    <ClInclude Include="src\AssetManager\IAssetManager.h">
      <Filter>src\AssetManager</Filter>
    </ClInclude>
    <ClInclude Include="src\Audio\AudioEngine.h">
      <Filter>src\Audio</Filter>
    </ClInclude>
    <ClInclude Include="src\Audio\IAudioEngine.h">
      <Filter>src\Audio</Filter>
    </ClInclude>
    <ClInclude Include="src\Audio\Sound.h">
      <Filter>src\Audio</Filter>
    </ClInclude>
    <ClInclude Include="src\Core\Core.h">
      <Filter>src\Core</Filter>
    </ClInclude>
    <ClInclude Include="src\Core\Defines.h">
      <Filter>src\Core</Filter>
    </ClInclude>
    <ClInclude Include="src\Core\Director.h">
      <Filter>src\Core</Filter>
    </ClInclude>
    <ClInclude Include="src\Core\Log.h">
      <Filter>src\Core</Filter>
    </ClInclude>
    <ClInclude Include="src\Core\SceneManager.h">
      <Filter>src\Core</Filter>
    </ClInclude>
    <ClInclude Include="src\Core\locked_ptr.h">
      <Filter>src\Core</Filter>
    </ClInclude>
    <ClInclude Include="src\Math\Math.h">
      <Filter>src\Math</Filter>
    </ClInclude>
    <ClInclude Include="src\Physics\PhysicsEngine.h">
      <Filter>src\Physics</Filter>
    </ClInclude>
    <ClInclude Include="src\Physics\QuadTree.h">
      <Filter>src\Physics</Filter>
    </ClInclude>
    <ClInclude Include="src\Renderer\BufferElement.h">
      <Filter>src\Renderer</Filter>
    </ClInclude>
    <ClInclude Include="src\Renderer\BufferLayout.h">
      <Filter>src\Renderer</Filter>
    </ClInclude>
    <ClInclude Include="src\Renderer\IndexBuffer.h">
      <Filter>src\Renderer</Filter>
    </ClInclude>
    <ClInclude Include="src\Renderer\Renderer.h">
      <Filter>src\Renderer</Filter>
    </ClInclude>
    <ClInclude Include="src\Renderer\SSBO.h">
      <Filter>src\Renderer</Filter>
    </ClInclude>
    <ClInclude Include="src\Renderer\Shader.h">
      <Filter>src\Renderer</Filter>
    </ClInclude>
    <ClInclude Include="src\Renderer\ShaderDataType.h">
      <Filter>src\Renderer</Filter>
    </ClInclude>
    <ClInclude Include="src\Renderer\Texture.h">
      <Filter>src\Renderer</Filter>
    </ClInclude>
    <ClInclude Include="src\Renderer\UniformBuffer.h">
      <Filter>src\Renderer</Filter>
    </ClInclude>
    <ClInclude Include="src\Renderer\VertexArray.h">
      <Filter>src\Renderer</Filter>
    </ClInclude>
    <ClInclude Include="src\Renderer\VertexBuffer.h">
      <Filter>src\Renderer</Filter>
    </ClInclude>
    <ClInclude Include="src\Renderer\stb_image.h">
      <Filter>src\Renderer</Filter>
    </ClInclude>
    <ClInclude Include="src\Scene\Camera.h">
      <Filter>src\Scene</Filter>
    </ClInclude>
    <ClInclude Include="src\Scene\Components.h">
      <Filter>src\Scene</Filter>
    </ClInclude>
    <ClInclude Include="src\Scene\Node.h">
      <Filter>src\Scene</Filter>
    </ClInclude>
    <ClInclude Include="src\Scene\NodeGraph.h">
      <Filter>src\Scene</Filter>
    </ClInclude>
    <ClInclude Include="src\Scene\Scene.h">
      <Filter>src\Scene</Filter>
    </ClInclude>
    <ClInclude Include="src\Scene\Sprite.h">
      <Filter>src\Scene</Filter>
    </ClInclude>
    <ClInclude Include="src\Time\TimeStep.h">
      <Filter>src\Time</Filter>
    </ClInclude>
    <ClInclude Include="src\Window\Window.h">
      <Filter>src\Window</Filter>
    </ClInclude>
    <ClInclude Include="src\spypch.h">
      <Filter>src</Filter>
    </ClInclude>
    <ClInclude Include="src\Math\glm\common.hpp">
      <Filter>vendor\glm\include\glm</Filter>
    </ClInclude>
    <ClInclude Include="src\Math\glm\exponential.hpp">
      <Filter>vendor\glm\include\glm</Filter>
    </ClInclude>
    <ClInclude Include="src\Math\glm\ext.hpp">
      <Filter>vendor\glm\include\glm</Filter>
    </ClInclude>
    <ClInclude Include="src\Math\glm\fwd.hpp">
      <Filter>vendor\glm\include\glm</Filter>
    </ClInclude>
    <ClInclude Include="src\Math\glm\geometric.hpp">
      <Filter>vendor\glm\include\glm</Filter>
    </ClInclude>
    <ClInclude Include="src\Math\glm\glm.hpp">
      <Filter>vendor\glm\include\glm</Filter>
    </ClInclude>
    <ClInclude Include="src\Math\glm\integer.hpp">
      <Filter>vendor\glm\include\glm</Filter>
    </ClInclude>
    <ClInclude Include="src\Math\glm\mat2x2.hpp">
      <Filter>vendor\glm\include\glm</Filter>
    </ClInclude>
    <ClInclude Include="src\Math\glm\mat2x3.hpp">
      <Filter>vendor\glm\include\glm</Filter>
    </ClInclude>
    <ClInclude Include="src\Math\glm\mat2x4.hpp">
      <Filter>vendor\glm\include\glm</Filter>
    </ClInclude>
    <ClInclude Include="src\Math\glm\mat3x2.hpp">
      <Filter>vendor\glm\include\glm</Filter>
    </ClInclude>
    <ClInclude Include="src\Math\glm\mat3x3.hpp">
      <Filter>vendor\glm\include\glm</Filter>
    </ClInclude>
    <ClInclude Include="src\Math\glm\mat3x4.hpp">
      <Filter>vendor\glm\include\glm</Filter>
    </ClInclude>
    <ClInclude Include="src\Math\glm\mat4x2.hpp">
      <Filter>vendor\glm\include\glm</Filter>
    </ClInclude>
    <ClInclude Include="src\Math\glm\mat4x3.hpp">
      <Filter>vendor\glm\include\glm</Filter>
    </ClInclude>
    <ClInclude Include="src\Math\glm\mat4x4.hpp">
      <Filter>vendor\glm\include\glm</Filter>
    </ClInclude>
    <ClInclude Include="src\Math\glm\matrix.hpp">
      <Filter>vendor\glm\include\glm</Filter>
    </ClInclude>
    <ClInclude Include="src\Math\glm\packing.hpp">
      <Filter>vendor\glm\include\glm</Filter>
    </ClInclude>
    <ClInclude Include="src\Math\glm\trigonometric.hpp">
      <Filter>vendor\glm\include\glm</Filter>
    </ClInclude>
    <ClInclude Include="src\Math\glm\vec2.hpp">
      <Filter>vendor\glm\include\glm</Filter>
    </ClInclude>
    <ClInclude Include="src\Math\glm\vec3.hpp">
      <Filter>vendor\glm\include\glm</Filter>
    </ClInclude>
    <ClInclude Include="src\Math\glm\vec4.hpp">
      <Filter>vendor\glm\include\glm</Filter>
    </ClInclude>
    <ClInclude Include="src\Math\glm\vector_relational.hpp">
      <Filter>vendor\glm\include\glm</Filter>
    </ClInclude>
    <ClInclude Include="src\Audio\miniaudio\miniaudio.h">
      <Filter>vendor\miniaudio\include\miniaudio</Filter>
    </ClInclude>
  </ItemGroup>
  <ItemGroup>
    <ClCompile Include="src\AssetManager\AssetManager.cpp">
      <Filter>src\AssetManager</Filter>
    </ClCompile>
    <ClCompile Include="src\AssetManager\IAssetManager.cpp">
      <Filter>src\AssetManager</Filter>
    </ClCompile>
    <ClCompile Include="src\Audio\AudioEngine.cpp">
      <Filter>src\Audio</Filter>
    </ClCompile>
    <ClCompile Include="src\Audio\IAudioEngine.cpp">
      <Filter>src\Audio</Filter>
    </ClCompile>
    <ClCompile Include="src\Audio\Sound.cpp">
      <Filter>src\Audio</Filter>
    </ClCompile>
    <ClCompile Include="src\Core\Core.cpp">
      <Filter>src\Core</Filter>
    </ClCompile>
    <ClCompile Include="src\Core\Director.cpp">
      <Filter>src\Core</Filter>
    </ClCompile>
    <ClCompile Include="src\Core\Log.cpp">
      <Filter>src\Core</Filter>
    </ClCompile>
    <ClCompile Include="src\Core\SceneManager.cpp">
      <Filter>src\Core</Filter>
    </ClCompile>
    <ClCompile Include="src\Math\Math.cpp">
      <Filter>src\Math</Filter>
    </ClCompile>
    <ClCompile Include="src\Physics\PhysicsEngine.cpp">
      <Filter>src\Physics</Filter>
    </ClCompile>
    <ClCompile Include="src\Physics\QuadTree.cpp">
      <Filter>src\Physics</Filter>
    </ClCompile>
    <ClCompile Include="src\Renderer\IndexBuffer.cpp">
      <Filter>src\Renderer</Filter>
    </ClCompile>
    <ClCompile Include="src\Renderer\Renderer.cpp">
      <Filter>src\Renderer</Filter>
    </ClCompile>
    <ClCompile Include="src\Renderer\SSBO.cpp">
      <Filter>src\Renderer</Filter>
    </ClCompile>
    <ClCompile Include="src\Renderer\Shader.cpp">
      <Filter>src\Renderer</Filter>
    </ClCompile>
    <ClCompile Include="src\Renderer\Texture.cpp">
      <Filter>src\Renderer</Filter>
    </ClCompile>
    <ClCompile Include="src\Renderer\UniformBuffer.cpp">
      <Filter>src\Renderer</Filter>
    </ClCompile>
    <ClCompile Include="src\Renderer\VertexArray.cpp">
      <Filter>src\Renderer</Filter>
    </ClCompile>
    <ClCompile Include="src\Renderer\VertexBuffer.cpp">
      <Filter>src\Renderer</Filter>
    </ClCompile>
    <ClCompile Include="src\Scene\Camera.cpp">
      <Filter>src\Scene</Filter>
    </ClCompile>
    <ClCompile Include="src\Scene\Components.cpp">
      <Filter>src\Scene</Filter>
    </ClCompile>
    <ClCompile Include="src\Scene\Node.cpp">
      <Filter>src\Scene</Filter>
    </ClCompile>
    <ClCompile Include="src\Scene\NodeGraph.cpp">
      <Filter>src\Scene</Filter>
    </ClCompile>
    <ClCompile Include="src\Scene\Scene.cpp">
      <Filter>src\Scene</Filter>
    </ClCompile>
    <ClCompile Include="src\Scene\Sprite.cpp">
      <Filter>src\Scene</Filter>
    </ClCompile>
    <ClCompile Include="src\Time\TimeStep.cpp">
      <Filter>src\Time</Filter>
    </ClCompile>
    <ClCompile Include="src\Window\Window.cpp">
      <Filter>src\Window</Filter>
    </ClCompile>
    <ClCompile Include="src\spypch.cpp">
      <Filter>src</Filter>
    </ClCompile>
    <ClCompile Include="vendor\glad\src\glad.c">
      <Filter>vendor\glad\src</Filter>
    </ClCompile>
  </ItemGroup>
</Project>